
Microsoft Visual Studio Solution File, Format Version 12.00
# Visual Studio 15
VisualStudioVersion = 15.0.28307.645
MinimumVisualStudioVersion = 10.0.40219.1
Project("{FAE04EC0-301F-11D3-BF4B-00C04F79EFBC}") = "MAIN_PROJECT", "Lab2_Shopping\MAIN_PROJECT.csproj", "{9AB426F9-6C7E-4A2A-B27F-35D23CA88AFE}"
EndProject
Project("{FAE04EC0-301F-11D3-BF4B-00C04F79EFBC}") = "BUS_PROJECT", "BUS_SHOPPING\BUS_PROJECT.csproj", "{F42589CA-8A3E-4252-A0B3-1206F024DB66}"
EndProject
Project("{FAE04EC0-301F-11D3-BF4B-00C04F79EFBC}") = "SERVICE", "SERVICE\SERVICE.csproj", "{31CDC31F-58EF-4B77-B2FF-3986CFD48B24}"
EndProject
Project("{FAE04EC0-301F-11D3-BF4B-00C04F79EFBC}") = "DTL_PROJECT", "DTL_PROJECT\DTL_PROJECT.csproj", "{91AADFFA-FABE-45B0-8652-EC627B924091}"
EndProject
Project("{FAE04EC0-301F-11D3-BF4B-00C04F79EFBC}") = "DAL_PROJECT", "DAL_PROJECT\DAL_PROJECT.csproj", "{5DDE734A-6E64-4BCB-8A9D-ED1ECE497FB8}"
EndProject
Global
	GlobalSection(SolutionConfigurationPlatforms) = preSolution
		Debug|Any CPU = Debug|Any CPU
		Release|Any CPU = Release|Any CPU
	EndGlobalSection
	GlobalSection(ProjectConfigurationPlatforms) = postSolution
		{9AB426F9-6C7E-4A2A-B27F-35D23CA88AFE}.Debug|Any CPU.ActiveCfg = Debug|Any CPU
		{9AB426F9-6C7E-4A2A-B27F-35D23CA88AFE}.Debug|Any CPU.Build.0 = Debug|Any CPU
		{9AB426F9-6C7E-4A2A-B27F-35D23CA88AFE}.Release|Any CPU.ActiveCfg = Release|Any CPU
		{9AB426F9-6C7E-4A2A-B27F-35D23CA88AFE}.Release|Any CPU.Build.0 = Release|Any CPU
		{F42589CA-8A3E-4252-A0B3-1206F024DB66}.Debug|Any CPU.ActiveCfg = Debug|Any CPU
		{F42589CA-8A3E-4252-A0B3-1206F024DB66}.Debug|Any CPU.Build.0 = Debug|Any CPU
		{F42589CA-8A3E-4252-A0B3-1206F024DB66}.Release|Any CPU.ActiveCfg = Release|Any CPU
		{F42589CA-8A3E-4252-A0B3-1206F024DB66}.Release|Any CPU.Build.0 = Release|Any CPU
		{31CDC31F-58EF-4B77-B2FF-3986CFD48B24}.Debug|Any CPU.ActiveCfg = Debug|Any CPU
		{31CDC31F-58EF-4B77-B2FF-3986CFD48B24}.Debug|Any CPU.Build.0 = Debug|Any CPU
		{31CDC31F-58EF-4B77-B2FF-3986CFD48B24}.Release|Any CPU.ActiveCfg = Release|Any CPU
		{31CDC31F-58EF-4B77-B2FF-3986CFD48B24}.Release|Any CPU.Build.0 = Release|Any CPU
		{91AADFFA-FABE-45B0-8652-EC627B924091}.Debug|Any CPU.ActiveCfg = Debug|Any CPU
		{91AADFFA-FABE-45B0-8652-EC627B924091}.Debug|Any CPU.Build.0 = Debug|Any CPU
		{91AADFFA-FABE-45B0-8652-EC627B924091}.Release|Any CPU.ActiveCfg = Release|Any CPU
		{91AADFFA-FABE-45B0-8652-EC627B924091}.Release|Any CPU.Build.0 = Release|Any CPU
		{5DDE734A-6E64-4BCB-8A9D-ED1ECE497FB8}.Debug|Any CPU.ActiveCfg = Debug|Any CPU
		{5DDE734A-6E64-4BCB-8A9D-ED1ECE497FB8}.Debug|Any CPU.Build.0 = Debug|Any CPU
		{5DDE734A-6E64-4BCB-8A9D-ED1ECE497FB8}.Release|Any CPU.ActiveCfg = Release|Any CPU
		{5DDE734A-6E64-4BCB-8A9D-ED1ECE497FB8}.Release|Any CPU.Build.0 = Release|Any CPU
	EndGlobalSection
	GlobalSection(SolutionProperties) = preSolution
		HideSolutionNode = FALSE
	EndGlobalSection
	GlobalSection(ExtensibilityGlobals) = postSolution
		SolutionGuid = {66003E4F-EA01-4C94-BFC4-C5C1AD6E5317}
	EndGlobalSection
EndGlobal
