
Microsoft Visual Studio Solution File, Format Version 12.00
# Visual Studio 15
VisualStudioVersion = 15.0.28307.645
MinimumVisualStudioVersion = 10.0.40219.1
Project("{FAE04EC0-301F-11D3-BF4B-00C04F79EFBC}") = "Q1", "Q1\Q1.csproj", "{40A6429A-CCB2-4124-8257-1BAC6A07CD0F}"
EndProject
Global
	GlobalSection(SolutionConfigurationPlatforms) = preSolution
		Debug|Any CPU = Debug|Any CPU
		Release|Any CPU = Release|Any CPU
	EndGlobalSection
	GlobalSection(ProjectConfigurationPlatforms) = postSolution
		{40A6429A-CCB2-4124-8257-1BAC6A07CD0F}.Debug|Any CPU.ActiveCfg = Debug|Any CPU
		{40A6429A-CCB2-4124-8257-1BAC6A07CD0F}.Debug|Any CPU.Build.0 = Debug|Any CPU
		{40A6429A-CCB2-4124-8257-1BAC6A07CD0F}.Release|Any CPU.ActiveCfg = Release|Any CPU
		{40A6429A-CCB2-4124-8257-1BAC6A07CD0F}.Release|Any CPU.Build.0 = Release|Any CPU
	EndGlobalSection
	GlobalSection(SolutionProperties) = preSolution
		HideSolutionNode = FALSE
	EndGlobalSection
	GlobalSection(ExtensibilityGlobals) = postSolution
		SolutionGuid = {283D78F6-90A7-422D-90AA-AC1F4B513649}
	EndGlobalSection
EndGlobal
