
Microsoft Visual Studio Solution File, Format Version 12.00
# Visual Studio 15
VisualStudioVersion = 15.0.28307.645
MinimumVisualStudioVersion = 10.0.40219.1
Project("{FAE04EC0-301F-11D3-BF4B-00C04F79EFBC}") = "Lab1_DentalPayment", "Lab1_DentalPayment\Lab1_DentalPayment.csproj", "{A2249D16-A461-4A67-9545-10B3D01E0CA3}"
EndProject
Project("{FAE04EC0-301F-11D3-BF4B-00C04F79EFBC}") = "Lab1_SecurityPanel", "Lab1_SecurityPanel\Lab1_SecurityPanel.csproj", "{0DD57D2C-3219-438C-81AA-C5B72ACDFB3F}"
EndProject
Project("{FAE04EC0-301F-11D3-BF4B-00C04F79EFBC}") = "Lab1_Employee", "Lab1_Employee\Lab1_Employee.csproj", "{63EBCD48-DF34-401E-A8DE-CBADDCA7FBCB}"
EndProject
Project("{FAE04EC0-301F-11D3-BF4B-00C04F79EFBC}") = "Exe_Student", "Exe_Student\Exe_Student.csproj", "{0BB630E6-034A-471E-BCD1-0D307A0D7E2F}"
EndProject
Project("{FAE04EC0-301F-11D3-BF4B-00C04F79EFBC}") = "Lab1_FormAdvanced", "Lab1_FormAdvanced\Lab1_FormAdvanced.csproj", "{F373F3D9-8D39-4CA7-9007-D567035FB09A}"
EndProject
Global
	GlobalSection(SolutionConfigurationPlatforms) = preSolution
		Debug|Any CPU = Debug|Any CPU
		Release|Any CPU = Release|Any CPU
	EndGlobalSection
	GlobalSection(ProjectConfigurationPlatforms) = postSolution
		{A2249D16-A461-4A67-9545-10B3D01E0CA3}.Debug|Any CPU.ActiveCfg = Debug|Any CPU
		{A2249D16-A461-4A67-9545-10B3D01E0CA3}.Debug|Any CPU.Build.0 = Debug|Any CPU
		{A2249D16-A461-4A67-9545-10B3D01E0CA3}.Release|Any CPU.ActiveCfg = Release|Any CPU
		{A2249D16-A461-4A67-9545-10B3D01E0CA3}.Release|Any CPU.Build.0 = Release|Any CPU
		{0DD57D2C-3219-438C-81AA-C5B72ACDFB3F}.Debug|Any CPU.ActiveCfg = Debug|Any CPU
		{0DD57D2C-3219-438C-81AA-C5B72ACDFB3F}.Debug|Any CPU.Build.0 = Debug|Any CPU
		{0DD57D2C-3219-438C-81AA-C5B72ACDFB3F}.Release|Any CPU.ActiveCfg = Release|Any CPU
		{0DD57D2C-3219-438C-81AA-C5B72ACDFB3F}.Release|Any CPU.Build.0 = Release|Any CPU
		{63EBCD48-DF34-401E-A8DE-CBADDCA7FBCB}.Debug|Any CPU.ActiveCfg = Debug|Any CPU
		{63EBCD48-DF34-401E-A8DE-CBADDCA7FBCB}.Debug|Any CPU.Build.0 = Debug|Any CPU
		{63EBCD48-DF34-401E-A8DE-CBADDCA7FBCB}.Release|Any CPU.ActiveCfg = Release|Any CPU
		{63EBCD48-DF34-401E-A8DE-CBADDCA7FBCB}.Release|Any CPU.Build.0 = Release|Any CPU
		{0BB630E6-034A-471E-BCD1-0D307A0D7E2F}.Debug|Any CPU.ActiveCfg = Debug|Any CPU
		{0BB630E6-034A-471E-BCD1-0D307A0D7E2F}.Debug|Any CPU.Build.0 = Debug|Any CPU
		{0BB630E6-034A-471E-BCD1-0D307A0D7E2F}.Release|Any CPU.ActiveCfg = Release|Any CPU
		{0BB630E6-034A-471E-BCD1-0D307A0D7E2F}.Release|Any CPU.Build.0 = Release|Any CPU
		{F373F3D9-8D39-4CA7-9007-D567035FB09A}.Debug|Any CPU.ActiveCfg = Debug|Any CPU
		{F373F3D9-8D39-4CA7-9007-D567035FB09A}.Debug|Any CPU.Build.0 = Debug|Any CPU
		{F373F3D9-8D39-4CA7-9007-D567035FB09A}.Release|Any CPU.ActiveCfg = Release|Any CPU
		{F373F3D9-8D39-4CA7-9007-D567035FB09A}.Release|Any CPU.Build.0 = Release|Any CPU
	EndGlobalSection
	GlobalSection(SolutionProperties) = preSolution
		HideSolutionNode = FALSE
	EndGlobalSection
	GlobalSection(ExtensibilityGlobals) = postSolution
		SolutionGuid = {F25AA78D-1570-42E4-92F9-8E6C275D6502}
	EndGlobalSection
EndGlobal
