
Microsoft Visual Studio Solution File, Format Version 12.00
# Visual Studio 15
VisualStudioVersion = 15.0.28307.645
MinimumVisualStudioVersion = 10.0.40219.1
Project("{FAE04EC0-301F-11D3-BF4B-00C04F79EFBC}") = "DemoWeb", "DemoWeb\DemoWeb.csproj", "{B15F1138-CEE0-465A-965A-F7F17730AB91}"
EndProject
Project("{FAE04EC0-301F-11D3-BF4B-00C04F79EFBC}") = "Model_PROJECT", "Model_PROJECT\Model_PROJECT.csproj", "{28872CB4-5CDE-4D1C-BE96-987AB16CD86E}"
EndProject
Global
	GlobalSection(SolutionConfigurationPlatforms) = preSolution
		Debug|Any CPU = Debug|Any CPU
		Release|Any CPU = Release|Any CPU
	EndGlobalSection
	GlobalSection(ProjectConfigurationPlatforms) = postSolution
		{B15F1138-CEE0-465A-965A-F7F17730AB91}.Debug|Any CPU.ActiveCfg = Debug|Any CPU
		{B15F1138-CEE0-465A-965A-F7F17730AB91}.Debug|Any CPU.Build.0 = Debug|Any CPU
		{B15F1138-CEE0-465A-965A-F7F17730AB91}.Release|Any CPU.ActiveCfg = Release|Any CPU
		{B15F1138-CEE0-465A-965A-F7F17730AB91}.Release|Any CPU.Build.0 = Release|Any CPU
		{28872CB4-5CDE-4D1C-BE96-987AB16CD86E}.Debug|Any CPU.ActiveCfg = Debug|Any CPU
		{28872CB4-5CDE-4D1C-BE96-987AB16CD86E}.Debug|Any CPU.Build.0 = Debug|Any CPU
		{28872CB4-5CDE-4D1C-BE96-987AB16CD86E}.Release|Any CPU.ActiveCfg = Release|Any CPU
		{28872CB4-5CDE-4D1C-BE96-987AB16CD86E}.Release|Any CPU.Build.0 = Release|Any CPU
	EndGlobalSection
	GlobalSection(SolutionProperties) = preSolution
		HideSolutionNode = FALSE
	EndGlobalSection
	GlobalSection(ExtensibilityGlobals) = postSolution
		SolutionGuid = {D0B873AB-9AD7-4996-883E-AF9AD401D1C5}
	EndGlobalSection
EndGlobal
